
Microsoft Visual Studio Solution File, Format Version 12.00
# Visual Studio Version 17
VisualStudioVersion = 17.14.36301.6
MinimumVisualStudioVersion = 10.0.40219.1
Project("{FAE04EC0-301F-11D3-BF4B-00C04F79EFBC}") = "WebApiShop", "WebApiShop\WebApiShop.csproj", "{D53ADE4A-29DC-44A6-B36A-784177D984A4}"
EndProject
Project("{FAE04EC0-301F-11D3-BF4B-00C04F79EFBC}") = "Services", "Services\Services.csproj", "{82503D94-CECB-46A4-8C3E-BD626E73360F}"
EndProject
Project("{FAE04EC0-301F-11D3-BF4B-00C04F79EFBC}") = "Repositories", "Repositories\Repositories.csproj", "{6A51C3D8-53CF-40FB-B9C1-5700C3DCF68A}"
EndProject
Project("{FAE04EC0-301F-11D3-BF4B-00C04F79EFBC}") = "Entities", "Entities\Entities.csproj", "{D5E315CF-F697-4BE6-A9E8-688A70773707}"
EndProject
Project("{FAE04EC0-301F-11D3-BF4B-00C04F79EFBC}") = "DTO", "DTO\DTO.csproj", "{9C0D3CB1-AF62-4989-A76C-354280F1BCDE}"
EndProject
Project("{FAE04EC0-301F-11D3-BF4B-00C04F79EFBC}") = "Tests", "Tests\Tests.csproj", "{65032873-C145-422B-955B-73EDBFEE1A4F}"
EndProject
Global
	GlobalSection(SolutionConfigurationPlatforms) = preSolution
		Debug|Any CPU = Debug|Any CPU
		Debug|x64 = Debug|x64
		Debug|x86 = Debug|x86
		Release|Any CPU = Release|Any CPU
		Release|x64 = Release|x64
		Release|x86 = Release|x86
	EndGlobalSection
	GlobalSection(ProjectConfigurationPlatforms) = postSolution
		{D53ADE4A-29DC-44A6-B36A-784177D984A4}.Debug|Any CPU.ActiveCfg = Debug|Any CPU
		{D53ADE4A-29DC-44A6-B36A-784177D984A4}.Debug|Any CPU.Build.0 = Debug|Any CPU
		{D53ADE4A-29DC-44A6-B36A-784177D984A4}.Debug|x64.ActiveCfg = Debug|Any CPU
		{D53ADE4A-29DC-44A6-B36A-784177D984A4}.Debug|x64.Build.0 = Debug|Any CPU
		{D53ADE4A-29DC-44A6-B36A-784177D984A4}.Debug|x86.ActiveCfg = Debug|Any CPU
		{D53ADE4A-29DC-44A6-B36A-784177D984A4}.Debug|x86.Build.0 = Debug|Any CPU
		{D53ADE4A-29DC-44A6-B36A-784177D984A4}.Release|Any CPU.ActiveCfg = Release|Any CPU
		{D53ADE4A-29DC-44A6-B36A-784177D984A4}.Release|Any CPU.Build.0 = Release|Any CPU
		{D53ADE4A-29DC-44A6-B36A-784177D984A4}.Release|x64.ActiveCfg = Release|Any CPU
		{D53ADE4A-29DC-44A6-B36A-784177D984A4}.Release|x64.Build.0 = Release|Any CPU
		{D53ADE4A-29DC-44A6-B36A-784177D984A4}.Release|x86.ActiveCfg = Release|Any CPU
		{D53ADE4A-29DC-44A6-B36A-784177D984A4}.Release|x86.Build.0 = Release|Any CPU
		{82503D94-CECB-46A4-8C3E-BD626E73360F}.Debug|Any CPU.ActiveCfg = Debug|Any CPU
		{82503D94-CECB-46A4-8C3E-BD626E73360F}.Debug|Any CPU.Build.0 = Debug|Any CPU
		{82503D94-CECB-46A4-8C3E-BD626E73360F}.Debug|x64.ActiveCfg = Debug|Any CPU
		{82503D94-CECB-46A4-8C3E-BD626E73360F}.Debug|x64.Build.0 = Debug|Any CPU
		{82503D94-CECB-46A4-8C3E-BD626E73360F}.Debug|x86.ActiveCfg = Debug|Any CPU
		{82503D94-CECB-46A4-8C3E-BD626E73360F}.Debug|x86.Build.0 = Debug|Any CPU
		{82503D94-CECB-46A4-8C3E-BD626E73360F}.Release|Any CPU.ActiveCfg = Release|Any CPU
		{82503D94-CECB-46A4-8C3E-BD626E73360F}.Release|Any CPU.Build.0 = Release|Any CPU
		{82503D94-CECB-46A4-8C3E-BD626E73360F}.Release|x64.ActiveCfg = Release|Any CPU
		{82503D94-CECB-46A4-8C3E-BD626E73360F}.Release|x64.Build.0 = Release|Any CPU
		{82503D94-CECB-46A4-8C3E-BD626E73360F}.Release|x86.ActiveCfg = Release|Any CPU
		{82503D94-CECB-46A4-8C3E-BD626E73360F}.Release|x86.Build.0 = Release|Any CPU
		{6A51C3D8-53CF-40FB-B9C1-5700C3DCF68A}.Debug|Any CPU.ActiveCfg = Debug|Any CPU
		{6A51C3D8-53CF-40FB-B9C1-5700C3DCF68A}.Debug|Any CPU.Build.0 = Debug|Any CPU
		{6A51C3D8-53CF-40FB-B9C1-5700C3DCF68A}.Debug|x64.ActiveCfg = Debug|Any CPU
		{6A51C3D8-53CF-40FB-B9C1-5700C3DCF68A}.Debug|x64.Build.0 = Debug|Any CPU
		{6A51C3D8-53CF-40FB-B9C1-5700C3DCF68A}.Debug|x86.ActiveCfg = Debug|Any CPU
		{6A51C3D8-53CF-40FB-B9C1-5700C3DCF68A}.Debug|x86.Build.0 = Debug|Any CPU
		{6A51C3D8-53CF-40FB-B9C1-5700C3DCF68A}.Release|Any CPU.ActiveCfg = Release|Any CPU
		{6A51C3D8-53CF-40FB-B9C1-5700C3DCF68A}.Release|Any CPU.Build.0 = Release|Any CPU
		{6A51C3D8-53CF-40FB-B9C1-5700C3DCF68A}.Release|x64.ActiveCfg = Release|Any CPU
		{6A51C3D8-53CF-40FB-B9C1-5700C3DCF68A}.Release|x64.Build.0 = Release|Any CPU
		{6A51C3D8-53CF-40FB-B9C1-5700C3DCF68A}.Release|x86.ActiveCfg = Release|Any CPU
		{6A51C3D8-53CF-40FB-B9C1-5700C3DCF68A}.Release|x86.Build.0 = Release|Any CPU
		{D5E315CF-F697-4BE6-A9E8-688A70773707}.Debug|Any CPU.ActiveCfg = Debug|Any CPU
		{D5E315CF-F697-4BE6-A9E8-688A70773707}.Debug|Any CPU.Build.0 = Debug|Any CPU
		{D5E315CF-F697-4BE6-A9E8-688A70773707}.Debug|x64.ActiveCfg = Debug|Any CPU
		{D5E315CF-F697-4BE6-A9E8-688A70773707}.Debug|x64.Build.0 = Debug|Any CPU
		{D5E315CF-F697-4BE6-A9E8-688A70773707}.Debug|x86.ActiveCfg = Debug|Any CPU
		{D5E315CF-F697-4BE6-A9E8-688A70773707}.Debug|x86.Build.0 = Debug|Any CPU
		{D5E315CF-F697-4BE6-A9E8-688A70773707}.Release|Any CPU.ActiveCfg = Release|Any CPU
		{D5E315CF-F697-4BE6-A9E8-688A70773707}.Release|Any CPU.Build.0 = Release|Any CPU
		{D5E315CF-F697-4BE6-A9E8-688A70773707}.Release|x64.ActiveCfg = Release|Any CPU
		{D5E315CF-F697-4BE6-A9E8-688A70773707}.Release|x64.Build.0 = Release|Any CPU
		{D5E315CF-F697-4BE6-A9E8-688A70773707}.Release|x86.ActiveCfg = Release|Any CPU
		{D5E315CF-F697-4BE6-A9E8-688A70773707}.Release|x86.Build.0 = Release|Any CPU
		{9C0D3CB1-AF62-4989-A76C-354280F1BCDE}.Debug|Any CPU.ActiveCfg = Debug|Any CPU
		{9C0D3CB1-AF62-4989-A76C-354280F1BCDE}.Debug|Any CPU.Build.0 = Debug|Any CPU
		{9C0D3CB1-AF62-4989-A76C-354280F1BCDE}.Debug|x64.ActiveCfg = Debug|Any CPU
		{9C0D3CB1-AF62-4989-A76C-354280F1BCDE}.Debug|x64.Build.0 = Debug|Any CPU
		{9C0D3CB1-AF62-4989-A76C-354280F1BCDE}.Debug|x86.ActiveCfg = Debug|Any CPU
		{9C0D3CB1-AF62-4989-A76C-354280F1BCDE}.Debug|x86.Build.0 = Debug|Any CPU
		{9C0D3CB1-AF62-4989-A76C-354280F1BCDE}.Release|Any CPU.ActiveCfg = Release|Any CPU
		{9C0D3CB1-AF62-4989-A76C-354280F1BCDE}.Release|Any CPU.Build.0 = Release|Any CPU
		{9C0D3CB1-AF62-4989-A76C-354280F1BCDE}.Release|x64.ActiveCfg = Release|Any CPU
		{9C0D3CB1-AF62-4989-A76C-354280F1BCDE}.Release|x64.Build.0 = Release|Any CPU
		{9C0D3CB1-AF62-4989-A76C-354280F1BCDE}.Release|x86.ActiveCfg = Release|Any CPU
		{9C0D3CB1-AF62-4989-A76C-354280F1BCDE}.Release|x86.Build.0 = Release|Any CPU
		{65032873-C145-422B-955B-73EDBFEE1A4F}.Debug|Any CPU.ActiveCfg = Debug|Any CPU
		{65032873-C145-422B-955B-73EDBFEE1A4F}.Debug|Any CPU.Build.0 = Debug|Any CPU
		{65032873-C145-422B-955B-73EDBFEE1A4F}.Debug|x64.ActiveCfg = Debug|Any CPU
		{65032873-C145-422B-955B-73EDBFEE1A4F}.Debug|x64.Build.0 = Debug|Any CPU
		{65032873-C145-422B-955B-73EDBFEE1A4F}.Debug|x86.ActiveCfg = Debug|Any CPU
		{65032873-C145-422B-955B-73EDBFEE1A4F}.Debug|x86.Build.0 = Debug|Any CPU
		{65032873-C145-422B-955B-73EDBFEE1A4F}.Release|Any CPU.ActiveCfg = Release|Any CPU
		{65032873-C145-422B-955B-73EDBFEE1A4F}.Release|Any CPU.Build.0 = Release|Any CPU
		{65032873-C145-422B-955B-73EDBFEE1A4F}.Release|x64.ActiveCfg = Release|Any CPU
		{65032873-C145-422B-955B-73EDBFEE1A4F}.Release|x64.Build.0 = Release|Any CPU
		{65032873-C145-422B-955B-73EDBFEE1A4F}.Release|x86.ActiveCfg = Release|Any CPU
		{65032873-C145-422B-955B-73EDBFEE1A4F}.Release|x86.Build.0 = Release|Any CPU
	EndGlobalSection
	GlobalSection(SolutionProperties) = preSolution
		HideSolutionNode = FALSE
	EndGlobalSection
	GlobalSection(ExtensibilityGlobals) = postSolution
		SolutionGuid = {194F685B-CA59-4F73-89E8-0ED367D674F6}
	EndGlobalSection
EndGlobal
